PODS:
  - Capacitor (5.2.2):
    - CapacitorCordova
  - CapacitorCommunityBackgroundGeolocation (0.0.1):
    - Capacitor
  - CapacitorCordova (5.2.2)

DEPENDENCIES:
  - "Capacitor (from `../../node_modules/@capacitor/ios`)"
  - "CapacitorCommunityBackgroundGeolocation (from `../../node_modules/@capacitor-community/background-geolocation`)"
  - "CapacitorCordova (from `../../node_modules/@capacitor/ios`)"

EXTERNAL SOURCES:
  Capacitor:
    :path: "../../node_modules/@capacitor/ios"
  CapacitorCommunityBackgroundGeolocation:
    :path: "../../node_modules/@capacitor-community/background-geolocation"
  CapacitorCordova:
    :path: "../../node_modules/@capacitor/ios"

SPEC CHECKSUMS:
  Capacitor: 070b18988e0f566728ae9a5eb3a7a974595f1626
  CapacitorCommunityBackgroundGeolocation: 6f26f4290377dbd1d6dec21e62cb66f008f61ec7
  CapacitorCordova: 3773395d5331add072300ff6041ca2cf7b93cb0b

PODFILE CHECKSUM: 70a908447840e51d881bd270ee6fd960dfd92d0d

COCOAPODS: 1.12.1
